schema_version: 1
database:
  engine: "django.db.backends.sqlite3"
backends:
  - path: "gh_permissions.backends.GhAuthorizationBackend"
    contents:
      - model: "gh_permissions.Repository"
        trusts:
          - id: "gh_permissions__RepositoryCollaborator__repository"
            root: "gh_permissions.RepositoryCollaborator"
            user: {path: "user", model: "example.User", target: "id"}
            permission: {path: "permissions", model: "auth.Permission", target: "id"}
            content: {path: "repository", model: "gh_permissions.Repository", target: "id"}
            or_group: true
          - id: "gh_permissions__TeamRepositoryPermission__repository__cond"
            root: "gh_permissions.TeamRepositoryPermission"
            user: {path: "team__members", model: "example.User", target: "id"}
            permission: {path: "operation", model: "auth.Permission", target: "id"}
            content: {path: "repository", model: "gh_permissions.Repository", target: "id"}
            or_group: true
          - id: "gh_permissions__OrganizationOwnership__organization__repositories"
            root: "gh_permissions.OrganizationOwnership"
            user: {path: "user", model: "example.User", target: "id"}
            permission: {path: "organization__owner_group__permissions", model: "auth.Permission", target: "id"}
            content: {path: "organization__repositories", model: "gh_permissions.Repository", target: "id"}
            or_group: true
        delegations:
          - id: "gh_permissions__RepositoryDelegation__repository__cond"
            root: "gh_permissions.RepositoryDelegation"
            delegate:
              path: "delegate"
              model: "example.User"
              target: "id"
            sponsor:
              path: "sponsor_ownership__user"
              model: "example.User"
              target: "id"
            content: {path: "repository", model: "gh_permissions.Repository", target: "id"}
            or_group: true
        permitted:
          params: [{const: 1}, {bind: "permission.id"}, {const: "gh_permissions"}, {const: "repository"}, {bind: "user.id"}, {const: 1}, {bind: "permission.id"}, {const: "gh_permissions"}, {const: "repository"}, {bind: "user.id"}, {const: 1}, {bind: "permission.id"}, {const: "gh_permissions"}, {const: "repository"}, {bind: "user.id"}, {const: 1}, {bind: "user.id"}, {bind: "permission.id"}, {const: true}, {const: 1}, {bind: "permission.id"}, {const: "gh_permissions"}, {const: "repository"}, {const: 1}, {bind: "permission.id"}, {const: "gh_permissions"}, {const: "repository"}, {const: 1}, {bind: "permission.id"}, {const: "gh_permissions"}, {const: "repository"}]
          sql: |-
            SELECT DISTINCT "gh_permissions_repository"."id", "gh_permissions_repository"."organization_id", "gh_permissions_repository"."name" FROM "gh_permissions_repository" WHERE (EXISTS(SELECT %s AS "a" FROM "gh_permissions_repositorycollaborator" "U0" INNER JOIN "gh_permissions_repositorycollaborator_permissions" "U1" ON ("U0"."id" = "U1"."repositorycollaborator_id") INNER JOIN "auth_permission" "U2" ON ("U1"."permission_id" = "U2"."id") INNER JOIN "django_content_type" "U3" ON ("U2"."content_type_id" = "U3"."id") WHERE ("U1"."permission_id" = %s AND "U3"."app_label" = %s AND "U3"."model" = %s AND "U0"."user_id" = %s AND "U0"."repository_id" = ("gh_permissions_repository"."id")) LIMIT 1) OR EXISTS(SELECT %s AS "a" FROM "gh_permissions_teamrepositorypermission" "U0" INNER JOIN "auth_permission" "U1" ON ("U0"."operation_id" = "U1"."id") INNER JOIN "django_content_type" "U2" ON ("U1"."content_type_id" = "U2"."id") INNER JOIN "gh_permissions_team" "U3" ON ("U0"."team_id" = "U3"."id") INNER JOIN "gh_permissions_team_members" "U4" ON ("U3"."id" = "U4"."team_id") INNER JOIN "gh_permissions_team_allowed_operations" "U6" ON ("U3"."id" = "U6"."team_id") INNER JOIN "gh_permissions_repository" "U8" ON ("U0"."repository_id" = "U8"."id") WHERE ("U0"."operation_id" = %s AND "U2"."app_label" = %s AND "U2"."model" = %s AND "U4"."user_id" = %s AND "U6"."permission_id" = ("U0"."operation_id") AND "U3"."organization_id" = ("U8"."organization_id") AND "U0"."repository_id" = ("gh_permissions_repository"."id")) LIMIT 1) OR EXISTS(SELECT %s AS "a" FROM "gh_permissions_organizationownership" "U0" INNER JOIN "gh_permissions_organization" "U1" ON ("U0"."organization_id" = "U1"."id") INNER JOIN "auth_group" "U2" ON ("U1"."owner_group_id" = "U2"."id") INNER JOIN "auth_group_permissions" "U3" ON ("U2"."id" = "U3"."group_id") INNER JOIN "auth_permission" "U4" ON ("U3"."permission_id" = "U4"."id") INNER JOIN "django_content_type" "U5" ON ("U4"."content_type_id" = "U5"."id") INNER JOIN "gh_permissions_repository" "U7" ON ("U1"."id" = "U7"."organization_id") WHERE ("U3"."permission_id" = %s AND "U5"."app_label" = %s AND "U5"."model" = %s AND "U0"."user_id" = %s AND "U7"."id" = ("gh_permissions_repository"."id")) LIMIT 1) OR EXISTS(SELECT %s AS "a" FROM "gh_permissions_repositorydelegation" "V0" INNER JOIN "gh_permissions_repository" "V2" ON ("V0"."repository_id" = "V2"."id") INNER JOIN "gh_permissions_repositorydelegation_allowed_permissions" "V3" ON ("V0"."id" = "V3"."repositorydelegation_id") INNER JOIN "gh_permissions_organizationownership" "V6" ON ("V0"."sponsor_ownership_id" = "V6"."id") INNER JOIN "example_user" "V9" ON ("V6"."user_id" = "V9"."id") WHERE ("V0"."delegate_id" = %s AND "V0"."repository_id" = ("gh_permissions_repository"."id") AND "V3"."permission_id" = %s AND "V6"."organization_id" = ("V2"."organization_id") AND "V0"."approved_organization_id" = ("V2"."organization_id") AND "V9"."is_active" = %s AND (EXISTS(SELECT %s AS "a" FROM "gh_permissions_repositorycollaborator" "U0" INNER JOIN "gh_permissions_repositorycollaborator_permissions" "U1" ON ("U0"."id" = "U1"."repositorycollaborator_id") INNER JOIN "auth_permission" "U2" ON ("U1"."permission_id" = "U2"."id") INNER JOIN "django_content_type" "U3" ON ("U2"."content_type_id" = "U3"."id") WHERE ("U1"."permission_id" = %s AND "U3"."app_label" = %s AND "U3"."model" = %s AND "U0"."repository_id" = ("V0"."repository_id") AND "U0"."user_id" = ("V6"."user_id")) LIMIT 1) OR EXISTS(SELECT %s AS "a" FROM "gh_permissions_teamrepositorypermission" "U0" INNER JOIN "auth_permission" "U1" ON ("U0"."operation_id" = "U1"."id") INNER JOIN "django_content_type" "U2" ON ("U1"."content_type_id" = "U2"."id") INNER JOIN "gh_permissions_repository" "U3" ON ("U0"."repository_id" = "U3"."id") INNER JOIN "gh_permissions_team" "U4" ON ("U0"."team_id" = "U4"."id") INNER JOIN "gh_permissions_team_members" "U5" ON ("U4"."id" = "U5"."team_id") INNER JOIN "gh_permissions_team_allowed_operations" "U7" ON ("U4"."id" = "U7"."team_id") WHERE ("U0"."operation_id" = %s AND "U2"."app_label" = %s AND "U2"."model" = %s AND "U0"."repository_id" = ("V0"."repository_id") AND "U5"."user_id" = ("V6"."user_id") AND "U7"."permission_id" = ("U0"."operation_id") AND "U4"."organization_id" = ("U3"."organization_id")) LIMIT 1) OR EXISTS(SELECT %s AS "a" FROM "gh_permissions_organizationownership" "U0" INNER JOIN "gh_permissions_organization" "U1" ON ("U0"."organization_id" = "U1"."id") INNER JOIN "auth_group" "U2" ON ("U1"."owner_group_id" = "U2"."id") INNER JOIN "auth_group_permissions" "U3" ON ("U2"."id" = "U3"."group_id") INNER JOIN "auth_permission" "U4" ON ("U3"."permission_id" = "U4"."id") INNER JOIN "django_content_type" "U5" ON ("U4"."content_type_id" = "U5"."id") INNER JOIN "gh_permissions_repository" "U6" ON ("U1"."id" = "U6"."organization_id") WHERE ("U3"."permission_id" = %s AND "U5"."app_label" = %s AND "U5"."model" = %s AND "U6"."id" = ("V0"."repository_id") AND "U0"."user_id" = ("V6"."user_id")) LIMIT 1))) LIMIT 1))
        has_perm:
          params: [{const: 1}, {const: 1}, {const: 1}, {bind: "permission.id"}, {const: "gh_permissions"}, {const: "repository"}, {bind: "user.id"}, {const: 1}, {bind: "permission.id"}, {const: "gh_permissions"}, {const: "repository"}, {bind: "user.id"}, {const: 1}, {bind: "permission.id"}, {const: "gh_permissions"}, {const: "repository"}, {bind: "user.id"}, {const: 1}, {bind: "user.id"}, {bind: "permission.id"}, {const: true}, {const: 1}, {bind: "permission.id"}, {const: "gh_permissions"}, {const: "repository"}, {const: 1}, {bind: "permission.id"}, {const: "gh_permissions"}, {const: "repository"}, {const: 1}, {bind: "permission.id"}, {const: "gh_permissions"}, {const: "repository"}]
          sql: |-
            SELECT %s AS "a" FROM "gh_permissions_repository" WHERE ("gh_permissions_repository"."id" = %s AND (EXISTS(SELECT %s AS "a" FROM "gh_permissions_repositorycollaborator" "U0" INNER JOIN "gh_permissions_repositorycollaborator_permissions" "U1" ON ("U0"."id" = "U1"."repositorycollaborator_id") INNER JOIN "auth_permission" "U2" ON ("U1"."permission_id" = "U2"."id") INNER JOIN "django_content_type" "U3" ON ("U2"."content_type_id" = "U3"."id") WHERE ("U1"."permission_id" = %s AND "U3"."app_label" = %s AND "U3"."model" = %s AND "U0"."user_id" = %s AND "U0"."repository_id" = ("gh_permissions_repository"."id")) LIMIT 1) OR EXISTS(SELECT %s AS "a" FROM "gh_permissions_teamrepositorypermission" "U0" INNER JOIN "auth_permission" "U1" ON ("U0"."operation_id" = "U1"."id") INNER JOIN "django_content_type" "U2" ON ("U1"."content_type_id" = "U2"."id") INNER JOIN "gh_permissions_team" "U3" ON ("U0"."team_id" = "U3"."id") INNER JOIN "gh_permissions_team_members" "U4" ON ("U3"."id" = "U4"."team_id") INNER JOIN "gh_permissions_team_allowed_operations" "U6" ON ("U3"."id" = "U6"."team_id") INNER JOIN "gh_permissions_repository" "U8" ON ("U0"."repository_id" = "U8"."id") WHERE ("U0"."operation_id" = %s AND "U2"."app_label" = %s AND "U2"."model" = %s AND "U4"."user_id" = %s AND "U6"."permission_id" = ("U0"."operation_id") AND "U3"."organization_id" = ("U8"."organization_id") AND "U0"."repository_id" = ("gh_permissions_repository"."id")) LIMIT 1) OR EXISTS(SELECT %s AS "a" FROM "gh_permissions_organizationownership" "U0" INNER JOIN "gh_permissions_organization" "U1" ON ("U0"."organization_id" = "U1"."id") INNER JOIN "auth_group" "U2" ON ("U1"."owner_group_id" = "U2"."id") INNER JOIN "auth_group_permissions" "U3" ON ("U2"."id" = "U3"."group_id") INNER JOIN "auth_permission" "U4" ON ("U3"."permission_id" = "U4"."id") INNER JOIN "django_content_type" "U5" ON ("U4"."content_type_id" = "U5"."id") INNER JOIN "gh_permissions_repository" "U7" ON ("U1"."id" = "U7"."organization_id") WHERE ("U3"."permission_id" = %s AND "U5"."app_label" = %s AND "U5"."model" = %s AND "U0"."user_id" = %s AND "U7"."id" = ("gh_permissions_repository"."id")) LIMIT 1) OR EXISTS(SELECT %s AS "a" FROM "gh_permissions_repositorydelegation" "V0" INNER JOIN "gh_permissions_repository" "V2" ON ("V0"."repository_id" = "V2"."id") INNER JOIN "gh_permissions_repositorydelegation_allowed_permissions" "V3" ON ("V0"."id" = "V3"."repositorydelegation_id") INNER JOIN "gh_permissions_organizationownership" "V6" ON ("V0"."sponsor_ownership_id" = "V6"."id") INNER JOIN "example_user" "V9" ON ("V6"."user_id" = "V9"."id") WHERE ("V0"."delegate_id" = %s AND "V0"."repository_id" = ("gh_permissions_repository"."id") AND "V3"."permission_id" = %s AND "V6"."organization_id" = ("V2"."organization_id") AND "V0"."approved_organization_id" = ("V2"."organization_id") AND "V9"."is_active" = %s AND (EXISTS(SELECT %s AS "a" FROM "gh_permissions_repositorycollaborator" "U0" INNER JOIN "gh_permissions_repositorycollaborator_permissions" "U1" ON ("U0"."id" = "U1"."repositorycollaborator_id") INNER JOIN "auth_permission" "U2" ON ("U1"."permission_id" = "U2"."id") INNER JOIN "django_content_type" "U3" ON ("U2"."content_type_id" = "U3"."id") WHERE ("U1"."permission_id" = %s AND "U3"."app_label" = %s AND "U3"."model" = %s AND "U0"."repository_id" = ("V0"."repository_id") AND "U0"."user_id" = ("V6"."user_id")) LIMIT 1) OR EXISTS(SELECT %s AS "a" FROM "gh_permissions_teamrepositorypermission" "U0" INNER JOIN "auth_permission" "U1" ON ("U0"."operation_id" = "U1"."id") INNER JOIN "django_content_type" "U2" ON ("U1"."content_type_id" = "U2"."id") INNER JOIN "gh_permissions_repository" "U3" ON ("U0"."repository_id" = "U3"."id") INNER JOIN "gh_permissions_team" "U4" ON ("U0"."team_id" = "U4"."id") INNER JOIN "gh_permissions_team_members" "U5" ON ("U4"."id" = "U5"."team_id") INNER JOIN "gh_permissions_team_allowed_operations" "U7" ON ("U4"."id" = "U7"."team_id") WHERE ("U0"."operation_id" = %s AND "U2"."app_label" = %s AND "U2"."model" = %s AND "U0"."repository_id" = ("V0"."repository_id") AND "U5"."user_id" = ("V6"."user_id") AND "U7"."permission_id" = ("U0"."operation_id") AND "U4"."organization_id" = ("U3"."organization_id")) LIMIT 1) OR EXISTS(SELECT %s AS "a" FROM "gh_permissions_organizationownership" "U0" INNER JOIN "gh_permissions_organization" "U1" ON ("U0"."organization_id" = "U1"."id") INNER JOIN "auth_group" "U2" ON ("U1"."owner_group_id" = "U2"."id") INNER JOIN "auth_group_permissions" "U3" ON ("U2"."id" = "U3"."group_id") INNER JOIN "auth_permission" "U4" ON ("U3"."permission_id" = "U4"."id") INNER JOIN "django_content_type" "U5" ON ("U4"."content_type_id" = "U5"."id") INNER JOIN "gh_permissions_repository" "U6" ON ("U1"."id" = "U6"."organization_id") WHERE ("U3"."permission_id" = %s AND "U5"."app_label" = %s AND "U5"."model" = %s AND "U6"."id" = ("V0"."repository_id") AND "U0"."user_id" = ("V6"."user_id")) LIMIT 1))) LIMIT 1))) LIMIT 1
        get_all_permissions:
          params: [{const: 1}, {const: 1}, {const: 1}, {const: 1}, {const: 1}, {const: "gh_permissions"}, {const: "repository"}, {bind: "user.id"}, {const: 1}, {const: "gh_permissions"}, {const: "repository"}, {bind: "user.id"}, {const: 1}, {const: "gh_permissions"}, {const: "repository"}, {bind: "user.id"}, {const: 1}, {bind: "user.id"}, {const: true}, {const: 1}, {const: "gh_permissions"}, {const: "repository"}, {const: 1}, {const: "gh_permissions"}, {const: "repository"}, {const: 1}, {const: "gh_permissions"}, {const: "repository"}]
          sql: |-
            SELECT DISTINCT "auth_permission"."id", "auth_permission"."name", "auth_permission"."content_type_id", "auth_permission"."codename", "django_content_type"."app_label", "django_content_type"."model" FROM "auth_permission" INNER JOIN "django_content_type" ON ("auth_permission"."content_type_id" = "django_content_type"."id") WHERE (EXISTS(SELECT %s AS "a" FROM "gh_permissions_repository" "U0" WHERE "U0"."id" = %s LIMIT 1) AND NOT (EXISTS(SELECT %s AS "a" FROM "gh_permissions_repository" "W0" WHERE ("W0"."id" = %s AND NOT (EXISTS(SELECT %s AS "a" FROM "gh_permissions_repositorycollaborator" "U0" INNER JOIN "gh_permissions_repositorycollaborator_permissions" "U1" ON ("U0"."id" = "U1"."repositorycollaborator_id") INNER JOIN "auth_permission" "U2" ON ("U1"."permission_id" = "U2"."id") INNER JOIN "django_content_type" "U3" ON ("U2"."content_type_id" = "U3"."id") WHERE ("U1"."permission_id" = ("auth_permission"."id") AND "U3"."app_label" = %s AND "U3"."model" = %s AND "U0"."user_id" = %s AND "U0"."repository_id" = ("W0"."id")) LIMIT 1) OR EXISTS(SELECT %s AS "a" FROM "gh_permissions_teamrepositorypermission" "U0" INNER JOIN "auth_permission" "U1" ON ("U0"."operation_id" = "U1"."id") INNER JOIN "django_content_type" "U2" ON ("U1"."content_type_id" = "U2"."id") INNER JOIN "gh_permissions_team" "U3" ON ("U0"."team_id" = "U3"."id") INNER JOIN "gh_permissions_team_members" "U4" ON ("U3"."id" = "U4"."team_id") INNER JOIN "gh_permissions_team_allowed_operations" "U6" ON ("U3"."id" = "U6"."team_id") INNER JOIN "gh_permissions_repository" "U8" ON ("U0"."repository_id" = "U8"."id") WHERE ("U0"."operation_id" = ("auth_permission"."id") AND "U2"."app_label" = %s AND "U2"."model" = %s AND "U4"."user_id" = %s AND "U6"."permission_id" = ("U0"."operation_id") AND "U3"."organization_id" = ("U8"."organization_id") AND "U0"."repository_id" = ("W0"."id")) LIMIT 1) OR EXISTS(SELECT %s AS "a" FROM "gh_permissions_organizationownership" "U0" INNER JOIN "gh_permissions_organization" "U1" ON ("U0"."organization_id" = "U1"."id") INNER JOIN "auth_group" "U2" ON ("U1"."owner_group_id" = "U2"."id") INNER JOIN "auth_group_permissions" "U3" ON ("U2"."id" = "U3"."group_id") INNER JOIN "auth_permission" "U4" ON ("U3"."permission_id" = "U4"."id") INNER JOIN "django_content_type" "U5" ON ("U4"."content_type_id" = "U5"."id") INNER JOIN "gh_permissions_repository" "U7" ON ("U1"."id" = "U7"."organization_id") WHERE ("U3"."permission_id" = ("auth_permission"."id") AND "U5"."app_label" = %s AND "U5"."model" = %s AND "U0"."user_id" = %s AND "U7"."id" = ("W0"."id")) LIMIT 1) OR EXISTS(SELECT %s AS "a" FROM "gh_permissions_repositorydelegation" "V0" INNER JOIN "gh_permissions_repository" "V2" ON ("V0"."repository_id" = "V2"."id") INNER JOIN "gh_permissions_repositorydelegation_allowed_permissions" "V3" ON ("V0"."id" = "V3"."repositorydelegation_id") INNER JOIN "gh_permissions_organizationownership" "V6" ON ("V0"."sponsor_ownership_id" = "V6"."id") INNER JOIN "example_user" "V9" ON ("V6"."user_id" = "V9"."id") WHERE ("V0"."delegate_id" = %s AND "V0"."repository_id" = ("W0"."id") AND "V3"."permission_id" = ("auth_permission"."id") AND "V6"."organization_id" = ("V2"."organization_id") AND "V0"."approved_organization_id" = ("V2"."organization_id") AND "V9"."is_active" = %s AND (EXISTS(SELECT %s AS "a" FROM "gh_permissions_repositorycollaborator" "U0" INNER JOIN "gh_permissions_repositorycollaborator_permissions" "U1" ON ("U0"."id" = "U1"."repositorycollaborator_id") INNER JOIN "auth_permission" "U2" ON ("U1"."permission_id" = "U2"."id") INNER JOIN "django_content_type" "U3" ON ("U2"."content_type_id" = "U3"."id") WHERE ("U1"."permission_id" = ("auth_permission"."id") AND "U3"."app_label" = %s AND "U3"."model" = %s AND "U0"."repository_id" = ("V0"."repository_id") AND "U0"."user_id" = ("V6"."user_id")) LIMIT 1) OR EXISTS(SELECT %s AS "a" FROM "gh_permissions_teamrepositorypermission" "U0" INNER JOIN "auth_permission" "U1" ON ("U0"."operation_id" = "U1"."id") INNER JOIN "django_content_type" "U2" ON ("U1"."content_type_id" = "U2"."id") INNER JOIN "gh_permissions_repository" "U3" ON ("U0"."repository_id" = "U3"."id") INNER JOIN "gh_permissions_team" "U4" ON ("U0"."team_id" = "U4"."id") INNER JOIN "gh_permissions_team_members" "U5" ON ("U4"."id" = "U5"."team_id") INNER JOIN "gh_permissions_team_allowed_operations" "U7" ON ("U4"."id" = "U7"."team_id") WHERE ("U0"."operation_id" = ("auth_permission"."id") AND "U2"."app_label" = %s AND "U2"."model" = %s AND "U0"."repository_id" = ("V0"."repository_id") AND "U5"."user_id" = ("V6"."user_id") AND "U7"."permission_id" = ("U0"."operation_id") AND "U4"."organization_id" = ("U3"."organization_id")) LIMIT 1) OR EXISTS(SELECT %s AS "a" FROM "gh_permissions_organizationownership" "U0" INNER JOIN "gh_permissions_organization" "U1" ON ("U0"."organization_id" = "U1"."id") INNER JOIN "auth_group" "U2" ON ("U1"."owner_group_id" = "U2"."id") INNER JOIN "auth_group_permissions" "U3" ON ("U2"."id" = "U3"."group_id") INNER JOIN "auth_permission" "U4" ON ("U3"."permission_id" = "U4"."id") INNER JOIN "django_content_type" "U5" ON ("U4"."content_type_id" = "U5"."id") INNER JOIN "gh_permissions_repository" "U6" ON ("U1"."id" = "U6"."organization_id") WHERE ("U3"."permission_id" = ("auth_permission"."id") AND "U5"."app_label" = %s AND "U5"."model" = %s AND "U6"."id" = ("V0"."repository_id") AND "U0"."user_id" = ("V6"."user_id")) LIMIT 1))) LIMIT 1))) LIMIT 1))) ORDER BY "django_content_type"."app_label" ASC, "django_content_type"."model" ASC, "auth_permission"."codename" ASC
        get_permitted_users:
          params: [{const: true}, {const: 1}, {bind: "permission.id"}, {const: "gh_permissions"}, {const: "repository"}, {bind: "content.id"}, {const: 1}, {bind: "permission.id"}, {const: "gh_permissions"}, {const: "repository"}, {bind: "content.id"}, {const: 1}, {bind: "permission.id"}, {const: "gh_permissions"}, {const: "repository"}, {const: 1}, {const: 1}, {bind: "content.id"}, {bind: "permission.id"}, {const: true}, {const: 1}, {bind: "permission.id"}, {const: "gh_permissions"}, {const: "repository"}, {const: 1}, {bind: "permission.id"}, {const: "gh_permissions"}, {const: "repository"}, {const: 1}, {bind: "permission.id"}, {const: "gh_permissions"}, {const: "repository"}]
          sql: |-
            SELECT DISTINCT "example_user"."id", "example_user"."password", "example_user"."last_login", "example_user"."is_superuser", "example_user"."username", "example_user"."first_name", "example_user"."last_name", "example_user"."email", "example_user"."is_staff", "example_user"."is_active", "example_user"."date_joined" FROM "example_user" WHERE ("example_user"."is_active" = %s AND (EXISTS(SELECT %s AS "a" FROM "gh_permissions_repositorycollaborator" "U0" INNER JOIN "gh_permissions_repositorycollaborator_permissions" "U1" ON ("U0"."id" = "U1"."repositorycollaborator_id") INNER JOIN "auth_permission" "U2" ON ("U1"."permission_id" = "U2"."id") INNER JOIN "django_content_type" "U3" ON ("U2"."content_type_id" = "U3"."id") WHERE ("U1"."permission_id" = %s AND "U3"."app_label" = %s AND "U3"."model" = %s AND "U0"."repository_id" = %s AND "U0"."user_id" = ("example_user"."id")) LIMIT 1) OR EXISTS(SELECT %s AS "a" FROM "gh_permissions_teamrepositorypermission" "U0" INNER JOIN "auth_permission" "U1" ON ("U0"."operation_id" = "U1"."id") INNER JOIN "django_content_type" "U2" ON ("U1"."content_type_id" = "U2"."id") INNER JOIN "gh_permissions_repository" "U3" ON ("U0"."repository_id" = "U3"."id") INNER JOIN "gh_permissions_team" "U4" ON ("U0"."team_id" = "U4"."id") INNER JOIN "gh_permissions_team_allowed_operations" "U5" ON ("U4"."id" = "U5"."team_id") INNER JOIN "gh_permissions_team_members" "U9" ON ("U4"."id" = "U9"."team_id") WHERE ("U0"."operation_id" = %s AND "U2"."app_label" = %s AND "U2"."model" = %s AND "U0"."repository_id" = %s AND "U5"."permission_id" = ("U0"."operation_id") AND "U4"."organization_id" = ("U3"."organization_id") AND "U9"."user_id" = ("example_user"."id")) LIMIT 1) OR EXISTS(SELECT %s AS "a" FROM "gh_permissions_organizationownership" "U0" INNER JOIN "gh_permissions_organization" "U1" ON ("U0"."organization_id" = "U1"."id") INNER JOIN "auth_group" "U2" ON ("U1"."owner_group_id" = "U2"."id") INNER JOIN "auth_group_permissions" "U3" ON ("U2"."id" = "U3"."group_id") INNER JOIN "auth_permission" "U4" ON ("U3"."permission_id" = "U4"."id") INNER JOIN "django_content_type" "U5" ON ("U4"."content_type_id" = "U5"."id") INNER JOIN "gh_permissions_repository" "U6" ON ("U1"."id" = "U6"."organization_id") WHERE ("U3"."permission_id" = %s AND "U5"."app_label" = %s AND "U5"."model" = %s AND "U6"."id" = %s AND "U0"."user_id" = ("example_user"."id")) LIMIT 1) OR EXISTS(SELECT %s AS "a" FROM "gh_permissions_repositorydelegation" "V0" INNER JOIN "gh_permissions_repository" "V2" ON ("V0"."repository_id" = "V2"."id") INNER JOIN "gh_permissions_repositorydelegation_allowed_permissions" "V3" ON ("V0"."id" = "V3"."repositorydelegation_id") INNER JOIN "gh_permissions_organizationownership" "V6" ON ("V0"."sponsor_ownership_id" = "V6"."id") INNER JOIN "example_user" "V9" ON ("V6"."user_id" = "V9"."id") WHERE ("V0"."delegate_id" = ("example_user"."id") AND "V0"."repository_id" = %s AND "V3"."permission_id" = %s AND "V6"."organization_id" = ("V2"."organization_id") AND "V0"."approved_organization_id" = ("V2"."organization_id") AND "V9"."is_active" = %s AND (EXISTS(SELECT %s AS "a" FROM "gh_permissions_repositorycollaborator" "U0" INNER JOIN "gh_permissions_repositorycollaborator_permissions" "U1" ON ("U0"."id" = "U1"."repositorycollaborator_id") INNER JOIN "auth_permission" "U2" ON ("U1"."permission_id" = "U2"."id") INNER JOIN "django_content_type" "U3" ON ("U2"."content_type_id" = "U3"."id") WHERE ("U1"."permission_id" = %s AND "U3"."app_label" = %s AND "U3"."model" = %s AND "U0"."repository_id" = ("V0"."repository_id") AND "U0"."user_id" = ("V6"."user_id")) LIMIT 1) OR EXISTS(SELECT %s AS "a" FROM "gh_permissions_teamrepositorypermission" "U0" INNER JOIN "auth_permission" "U1" ON ("U0"."operation_id" = "U1"."id") INNER JOIN "django_content_type" "U2" ON ("U1"."content_type_id" = "U2"."id") INNER JOIN "gh_permissions_repository" "U3" ON ("U0"."repository_id" = "U3"."id") INNER JOIN "gh_permissions_team" "U4" ON ("U0"."team_id" = "U4"."id") INNER JOIN "gh_permissions_team_members" "U5" ON ("U4"."id" = "U5"."team_id") INNER JOIN "gh_permissions_team_allowed_operations" "U7" ON ("U4"."id" = "U7"."team_id") WHERE ("U0"."operation_id" = %s AND "U2"."app_label" = %s AND "U2"."model" = %s AND "U0"."repository_id" = ("V0"."repository_id") AND "U5"."user_id" = ("V6"."user_id") AND "U7"."permission_id" = ("U0"."operation_id") AND "U4"."organization_id" = ("U3"."organization_id")) LIMIT 1) OR EXISTS(SELECT %s AS "a" FROM "gh_permissions_organizationownership" "U0" INNER JOIN "gh_permissions_organization" "U1" ON ("U0"."organization_id" = "U1"."id") INNER JOIN "auth_group" "U2" ON ("U1"."owner_group_id" = "U2"."id") INNER JOIN "auth_group_permissions" "U3" ON ("U2"."id" = "U3"."group_id") INNER JOIN "auth_permission" "U4" ON ("U3"."permission_id" = "U4"."id") INNER JOIN "django_content_type" "U5" ON ("U4"."content_type_id" = "U5"."id") INNER JOIN "gh_permissions_repository" "U6" ON ("U1"."id" = "U6"."organization_id") WHERE ("U3"."permission_id" = %s AND "U5"."app_label" = %s AND "U5"."model" = %s AND "U6"."id" = ("V0"."repository_id") AND "U0"."user_id" = ("V6"."user_id")) LIMIT 1))) LIMIT 1)))
      - model: "gh_permissions.Organization"
        trusts:
          - id: "gh_permissions__OrganizationOwnership__organization"
            root: "gh_permissions.OrganizationOwnership"
            user: {path: "user", model: "example.User", target: "id"}
            permission: {path: "organization__owner_group__permissions", model: "auth.Permission", target: "id"}
            content: {path: "organization", model: "gh_permissions.Organization", target: "id"}
        permitted:
          params: [{const: 1}, {bind: "permission.id"}, {const: "gh_permissions"}, {const: "organization"}, {bind: "user.id"}]
          sql: |-
            SELECT DISTINCT "gh_permissions_organization"."id", "gh_permissions_organization"."name", "gh_permissions_organization"."personal_user_id", "gh_permissions_organization"."owner_group_id" FROM "gh_permissions_organization" WHERE EXISTS(SELECT %s AS "a" FROM "gh_permissions_organizationownership" "U0" INNER JOIN "gh_permissions_organization" "U1" ON ("U0"."organization_id" = "U1"."id") INNER JOIN "auth_group" "U2" ON ("U1"."owner_group_id" = "U2"."id") INNER JOIN "auth_group_permissions" "U3" ON ("U2"."id" = "U3"."group_id") INNER JOIN "auth_permission" "U4" ON ("U3"."permission_id" = "U4"."id") INNER JOIN "django_content_type" "U5" ON ("U4"."content_type_id" = "U5"."id") WHERE ("U3"."permission_id" = %s AND "U5"."app_label" = %s AND "U5"."model" = %s AND "U0"."user_id" = %s AND "U0"."organization_id" = ("gh_permissions_organization"."id")) LIMIT 1)
        has_perm:
          params: [{const: 1}, {const: 1}, {const: 1}, {bind: "permission.id"}, {const: "gh_permissions"}, {const: "organization"}, {bind: "user.id"}]
          sql: |-
            SELECT %s AS "a" FROM "gh_permissions_organization" WHERE ("gh_permissions_organization"."id" = %s AND EXISTS(SELECT %s AS "a" FROM "gh_permissions_organizationownership" "U0" INNER JOIN "gh_permissions_organization" "U1" ON ("U0"."organization_id" = "U1"."id") INNER JOIN "auth_group" "U2" ON ("U1"."owner_group_id" = "U2"."id") INNER JOIN "auth_group_permissions" "U3" ON ("U2"."id" = "U3"."group_id") INNER JOIN "auth_permission" "U4" ON ("U3"."permission_id" = "U4"."id") INNER JOIN "django_content_type" "U5" ON ("U4"."content_type_id" = "U5"."id") WHERE ("U3"."permission_id" = %s AND "U5"."app_label" = %s AND "U5"."model" = %s AND "U0"."user_id" = %s AND "U0"."organization_id" = ("gh_permissions_organization"."id")) LIMIT 1)) LIMIT 1
        get_all_permissions:
          params: [{const: 1}, {const: 1}, {const: 1}, {const: 1}, {const: 1}, {const: "gh_permissions"}, {const: "organization"}, {bind: "user.id"}]
          sql: |-
            SELECT DISTINCT "auth_permission"."id", "auth_permission"."name", "auth_permission"."content_type_id", "auth_permission"."codename", "django_content_type"."app_label", "django_content_type"."model" FROM "auth_permission" INNER JOIN "django_content_type" ON ("auth_permission"."content_type_id" = "django_content_type"."id") WHERE (EXISTS(SELECT %s AS "a" FROM "gh_permissions_organization" "U0" WHERE "U0"."id" = %s LIMIT 1) AND NOT (EXISTS(SELECT %s AS "a" FROM "gh_permissions_organization" "V0" WHERE ("V0"."id" = %s AND NOT (EXISTS(SELECT %s AS "a" FROM "gh_permissions_organizationownership" "U0" INNER JOIN "gh_permissions_organization" "U1" ON ("U0"."organization_id" = "U1"."id") INNER JOIN "auth_group" "U2" ON ("U1"."owner_group_id" = "U2"."id") INNER JOIN "auth_group_permissions" "U3" ON ("U2"."id" = "U3"."group_id") INNER JOIN "auth_permission" "U4" ON ("U3"."permission_id" = "U4"."id") INNER JOIN "django_content_type" "U5" ON ("U4"."content_type_id" = "U5"."id") WHERE ("U3"."permission_id" = ("auth_permission"."id") AND "U5"."app_label" = %s AND "U5"."model" = %s AND "U0"."user_id" = %s AND "U0"."organization_id" = ("V0"."id")) LIMIT 1))) LIMIT 1))) ORDER BY "django_content_type"."app_label" ASC, "django_content_type"."model" ASC, "auth_permission"."codename" ASC
        get_permitted_users:
          params: [{const: true}, {const: 1}, {bind: "content.id"}, {bind: "permission.id"}, {const: "gh_permissions"}, {const: "organization"}]
          sql: |-
            SELECT DISTINCT "example_user"."id", "example_user"."password", "example_user"."last_login", "example_user"."is_superuser", "example_user"."username", "example_user"."first_name", "example_user"."last_name", "example_user"."email", "example_user"."is_staff", "example_user"."is_active", "example_user"."date_joined" FROM "example_user" WHERE ("example_user"."is_active" = %s AND EXISTS(SELECT %s AS "a" FROM "gh_permissions_organizationownership" "U0" INNER JOIN "gh_permissions_organization" "U1" ON ("U0"."organization_id" = "U1"."id") INNER JOIN "auth_group" "U2" ON ("U1"."owner_group_id" = "U2"."id") INNER JOIN "auth_group_permissions" "U3" ON ("U2"."id" = "U3"."group_id") INNER JOIN "auth_permission" "U4" ON ("U3"."permission_id" = "U4"."id") INNER JOIN "django_content_type" "U5" ON ("U4"."content_type_id" = "U5"."id") WHERE ("U0"."organization_id" = %s AND "U3"."permission_id" = %s AND "U5"."app_label" = %s AND "U5"."model" = %s AND "U0"."user_id" = ("example_user"."id")) LIMIT 1))
